# This file is automatically @generated by Cargo.
# It is not intended for manual editing.
version = 3

[[package]]
name = "e001"
version = "0.1.0"
dependencies = [
 "utils",
]

[[package]]
name = "e002"
version = "0.1.0"

[[package]]
name = "e003"
version = "0.1.0"
dependencies = [
 "utils",
]

[[package]]
name = "e004"
version = "0.1.0"
dependencies = [
 "utils",
]

[[package]]
name = "e005"
version = "0.1.0"
dependencies = [
 "utils",
]

[[package]]
name = "e006"
version = "0.1.0"

[[package]]
name = "e007"
version = "0.1.0"
dependencies = [
 "utils",
]

[[package]]
name = "e008"
version = "0.1.0"

[[package]]
name = "e009"
version = "0.1.0"

[[package]]
name = "e010"
version = "0.1.0"
dependencies = [
 "utils",
]

[[package]]
name = "e011"
version = "0.1.0"

[[package]]
name = "utils"
version = "0.1.0"
